
Microsoft Visual Studio Solution File, Format Version 12.00
# Visual Studio Version 16
VisualStudioVersion = 16.0.29215.179
MinimumVisualStudioVersion = 10.0.40219.1
Project("{8BC9CEB8-8B4A-11D0-8D11-00A0C91BC942}") = "NN", "NN\NN.vcxproj", "{5394BBA7-DE62-4279-97A2-563049514C39}"
EndProject
Project("{888888A0-9F3D-457C-B088-3A5042F75D52}") = "pynn", "pynn\pynn.pyproj", "{677EE545-F524-46DE-A3CE-04A8FA6C391D}"
EndProject
Global
	GlobalSection(SolutionConfigurationPlatforms) = preSolution
		Debug|Any CPU = Debug|Any CPU
		Debug|x64 = Debug|x64
		Debug|x86 = Debug|x86
		Release|Any CPU = Release|Any CPU
		Release|x64 = Release|x64
		Release|x86 = Release|x86
	EndGlobalSection
	GlobalSection(ProjectConfigurationPlatforms) = postSolution
		{5394BBA7-DE62-4279-97A2-563049514C39}.Debug|Any CPU.ActiveCfg = Debug|Win32
		{5394BBA7-DE62-4279-97A2-563049514C39}.Debug|x64.ActiveCfg = Debug|x64
		{5394BBA7-DE62-4279-97A2-563049514C39}.Debug|x64.Build.0 = Debug|x64
		{5394BBA7-DE62-4279-97A2-563049514C39}.Debug|x86.ActiveCfg = Debug|Win32
		{5394BBA7-DE62-4279-97A2-563049514C39}.Debug|x86.Build.0 = Debug|Win32
		{5394BBA7-DE62-4279-97A2-563049514C39}.Release|Any CPU.ActiveCfg = Release|Win32
		{5394BBA7-DE62-4279-97A2-563049514C39}.Release|x64.ActiveCfg = Release|x64
		{5394BBA7-DE62-4279-97A2-563049514C39}.Release|x64.Build.0 = Release|x64
		{5394BBA7-DE62-4279-97A2-563049514C39}.Release|x86.ActiveCfg = Release|Win32
		{5394BBA7-DE62-4279-97A2-563049514C39}.Release|x86.Build.0 = Release|Win32
		{677EE545-F524-46DE-A3CE-04A8FA6C391D}.Debug|Any CPU.ActiveCfg = Debug|Any CPU
		{677EE545-F524-46DE-A3CE-04A8FA6C391D}.Debug|x64.ActiveCfg = Debug|Any CPU
		{677EE545-F524-46DE-A3CE-04A8FA6C391D}.Debug|x86.ActiveCfg = Debug|Any CPU
		{677EE545-F524-46DE-A3CE-04A8FA6C391D}.Release|Any CPU.ActiveCfg = Release|Any CPU
		{677EE545-F524-46DE-A3CE-04A8FA6C391D}.Release|x64.ActiveCfg = Release|Any CPU
		{677EE545-F524-46DE-A3CE-04A8FA6C391D}.Release|x86.ActiveCfg = Release|Any CPU
	EndGlobalSection
	GlobalSection(SolutionProperties) = preSolution
		HideSolutionNode = FALSE
	EndGlobalSection
	GlobalSection(ExtensibilityGlobals) = postSolution
		SolutionGuid = {9431E525-8501-4F40-9C65-4C4666F79882}
	EndGlobalSection
EndGlobal
