<?xml version="1.0" encoding="utf-8"?>
<Project ToolsVersion="4.0" xmlns="http://schemas.microsoft.com/developer/msbuild/2003">
  <ItemGroup>
    <Filter Include="src">
      <UniqueIdentifier>{4FC737F1-C7A5-4376-A066-2A32D752A2FF}</UniqueIdentifier>
      <Extensions>cpp;c;cc;cxx;def;odl;idl;hpj;bat;asm;asmx</Extensions>
    </Filter>
    <Filter Include="datasets">
      <UniqueIdentifier>{e392b0fb-ac34-413d-ad6a-e38763a9919c}</UniqueIdentifier>
    </Filter>
    <Filter Include="src\nn">
      <UniqueIdentifier>{0249834d-45dd-4760-b535-7581317f5dc5}</UniqueIdentifier>
    </Filter>
  </ItemGroup>
  <ItemGroup>
    <ClCompile Include="src/main.cpp">
      <Filter>src</Filter>
    </ClCompile>
    <ClCompile Include="src/nn/common.cpp">
      <Filter>src\nn</Filter>
    </ClCompile>
    <ClCompile Include="src/nn/model.cpp">
      <Filter>src\nn</Filter>
    </ClCompile>
    <ClCompile Include="src\nn\activations.cpp">
      <Filter>src\nn</Filter>
    </ClCompile>
    <ClCompile Include="src\nn\dense_layer.cpp">
      <Filter>src\nn</Filter>
    </ClCompile>
    <ClCompile Include="src\gan.cpp">
      <Filter>src</Filter>
    </ClCompile>
    <ClCompile Include="src\nn\dropout.cpp">
      <Filter>src\nn</Filter>
    </ClCompile>
  </ItemGroup>
  <ItemGroup>
    <CopyFileToFolders Include="..\mnist\t10k-images-idx3-ubyte">
      <Filter>datasets</Filter>
    </CopyFileToFolders>
    <CopyFileToFolders Include="..\mnist\t10k-labels-idx1-ubyte">
      <Filter>datasets</Filter>
    </CopyFileToFolders>
    <CopyFileToFolders Include="..\mnist\train-images-idx3-ubyte">
      <Filter>datasets</Filter>
    </CopyFileToFolders>
    <CopyFileToFolders Include="..\mnist\train-labels-idx1-ubyte">
      <Filter>datasets</Filter>
    </CopyFileToFolders>
  </ItemGroup>
  <ItemGroup>
    <ClInclude Include="src/nn/activations.h">
      <Filter>src\nn</Filter>
    </ClInclude>
    <ClInclude Include="src/nn/common.h">
      <Filter>src\nn</Filter>
    </ClInclude>
    <ClInclude Include="src/nn/model.h">
      <Filter>src\nn</Filter>
    </ClInclude>
    <ClInclude Include="src\nn\nodes.h">
      <Filter>src\nn</Filter>
    </ClInclude>
    <ClInclude Include="src\nn\dense_layer.h">
      <Filter>src\nn</Filter>
    </ClInclude>
    <ClInclude Include="src\gan.h">
      <Filter>src</Filter>
    </ClInclude>
    <ClInclude Include="src\nn\tensors.h">
      <Filter>src\nn</Filter>
    </ClInclude>
    <ClInclude Include="src\nn\dropout.h">
      <Filter>src\nn</Filter>
    </ClInclude>
  </ItemGroup>
</Project>